
Microsoft Visual Studio Solution File, Format Version 12.00
# Visual Studio Version 16
VisualStudioVersion = 16.0.32228.343
MinimumVisualStudioVersion = 10.0.40219.1
Project("{FAE04EC0-301F-11D3-BF4B-00C04F79EFBC}") = "San_Thuong_Mai_Dien_Tu", "San_Thuong_Mai_Dien_Tu\San_Thuong_Mai_Dien_Tu.csproj", "{28CD2229-64E6-48B7-AAC9-52B335D872F1}"
EndProject
Global
	GlobalSection(SolutionConfigurationPlatforms) = preSolution
		Debug|Any CPU = Debug|Any CPU
		Release|Any CPU = Release|Any CPU
	EndGlobalSection
	GlobalSection(ProjectConfigurationPlatforms) = postSolution
		{28CD2229-64E6-48B7-AAC9-52B335D872F1}.Debug|Any CPU.ActiveCfg = Debug|Any CPU
		{28CD2229-64E6-48B7-AAC9-52B335D872F1}.Debug|Any CPU.Build.0 = Debug|Any CPU
		{28CD2229-64E6-48B7-AAC9-52B335D872F1}.Release|Any CPU.ActiveCfg = Release|Any CPU
		{28CD2229-64E6-48B7-AAC9-52B335D872F1}.Release|Any CPU.Build.0 = Release|Any CPU
	EndGlobalSection
	GlobalSection(SolutionProperties) = preSolution
		HideSolutionNode = FALSE
	EndGlobalSection
	GlobalSection(ExtensibilityGlobals) = postSolution
		SolutionGuid = {B7DA9CC6-6E7E-4775-B2D4-FAD7AC013100}
	EndGlobalSection
EndGlobal
